
Microsoft Visual Studio Solution File, Format Version 12.00
# Visual Studio 2013
VisualStudioVersion = 12.0.31101.0
MinimumVisualStudioVersion = 10.0.40219.1
Project("{FAE04EC0-301F-11D3-BF4B-00C04F79EFBC}") = "ZBuildLightsConsole", "ZBuildLightsConsole\ZBuildLightsConsole.csproj", "{B72773ED-6B2B-450B-947A-404A4FDAB4CC}"
EndProject
Project("{FAE04EC0-301F-11D3-BF4B-00C04F79EFBC}") = "ZWaveControl", "ZWaveControl\ZWaveControl.csproj", "{CFA3620A-DF75-4B1B-B039-C02E38693D91}"
EndProject
Project("{2150E333-8FDC-42A3-9474-1A3956D46DE8}") = "Test", "Test", "{FD3C53D5-91DD-4584-A92D-F170D0A551EF}"
EndProject
Project("{FAE04EC0-301F-11D3-BF4B-00C04F79EFBC}") = "UnitTests", "UnitTests\UnitTests.csproj", "{3CF89D49-88AC-4DF7-9F19-0BAE61C77376}"
EndProject
Project("{FAE04EC0-301F-11D3-BF4B-00C04F79EFBC}") = "ZBuildLights.Web", "ZBuildLights.Web\ZBuildLights.Web.csproj", "{67CD3BFD-169D-43AB-8660-FFC466A25A8F}"
EndProject
Project("{FAE04EC0-301F-11D3-BF4B-00C04F79EFBC}") = "ZBuildLights.Core", "ZBuildLights.Core\ZBuildLights.Core.csproj", "{67332DF2-4ACD-4CA3-B39B-86C93A7D738C}"
EndProject
Project("{2150E333-8FDC-42A3-9474-1A3956D46DE8}") = "Solution Items", "Solution Items", "{97514507-3456-4864-B011-F0C64032C012}"
	ProjectSection(SolutionItems) = preProject
		..\Backlog.md = ..\Backlog.md
		..\README.md = ..\README.md
	EndProjectSection
EndProject
Project("{FAE04EC0-301F-11D3-BF4B-00C04F79EFBC}") = "IntegrationTests", "IntegrationTests\IntegrationTests.csproj", "{99009ABF-B68D-4BF2-BE3E-79DD1466A459}"
EndProject
Project("{FAE04EC0-301F-11D3-BF4B-00C04F79EFBC}") = "ZBuildLightsUpdater", "ZBuildLightsUpdater\ZBuildLightsUpdater.csproj", "{A78952CF-EE60-4E18-B7F7-99D35E33EC0F}"
EndProject
Project("{FAE04EC0-301F-11D3-BF4B-00C04F79EFBC}") = "OpenZWaveDemo", "OpenZWaveDemo\OpenZWaveDemo.csproj", "{7178D218-C55C-428D-8640-03D7CDED75CC}"
EndProject
Global
	GlobalSection(SolutionConfigurationPlatforms) = preSolution
		Debug|Any CPU = Debug|Any CPU
		Release|Any CPU = Release|Any CPU
	EndGlobalSection
	GlobalSection(ProjectConfigurationPlatforms) = postSolution
		{B72773ED-6B2B-450B-947A-404A4FDAB4CC}.Debug|Any CPU.ActiveCfg = Debug|Any CPU
		{B72773ED-6B2B-450B-947A-404A4FDAB4CC}.Debug|Any CPU.Build.0 = Debug|Any CPU
		{B72773ED-6B2B-450B-947A-404A4FDAB4CC}.Release|Any CPU.ActiveCfg = Release|Any CPU
		{B72773ED-6B2B-450B-947A-404A4FDAB4CC}.Release|Any CPU.Build.0 = Release|Any CPU
		{CFA3620A-DF75-4B1B-B039-C02E38693D91}.Debug|Any CPU.ActiveCfg = Debug|Any CPU
		{CFA3620A-DF75-4B1B-B039-C02E38693D91}.Debug|Any CPU.Build.0 = Debug|Any CPU
		{CFA3620A-DF75-4B1B-B039-C02E38693D91}.Release|Any CPU.ActiveCfg = Release|Any CPU
		{CFA3620A-DF75-4B1B-B039-C02E38693D91}.Release|Any CPU.Build.0 = Release|Any CPU
		{3CF89D49-88AC-4DF7-9F19-0BAE61C77376}.Debug|Any CPU.ActiveCfg = Debug|Any CPU
		{3CF89D49-88AC-4DF7-9F19-0BAE61C77376}.Debug|Any CPU.Build.0 = Debug|Any CPU
		{3CF89D49-88AC-4DF7-9F19-0BAE61C77376}.Release|Any CPU.ActiveCfg = Release|Any CPU
		{3CF89D49-88AC-4DF7-9F19-0BAE61C77376}.Release|Any CPU.Build.0 = Release|Any CPU
		{67CD3BFD-169D-43AB-8660-FFC466A25A8F}.Debug|Any CPU.ActiveCfg = Debug|Any CPU
		{67CD3BFD-169D-43AB-8660-FFC466A25A8F}.Debug|Any CPU.Build.0 = Debug|Any CPU
		{67CD3BFD-169D-43AB-8660-FFC466A25A8F}.Release|Any CPU.ActiveCfg = Release|Any CPU
		{67CD3BFD-169D-43AB-8660-FFC466A25A8F}.Release|Any CPU.Build.0 = Release|Any CPU
		{67332DF2-4ACD-4CA3-B39B-86C93A7D738C}.Debug|Any CPU.ActiveCfg = Debug|Any CPU
		{67332DF2-4ACD-4CA3-B39B-86C93A7D738C}.Debug|Any CPU.Build.0 = Debug|Any CPU
		{67332DF2-4ACD-4CA3-B39B-86C93A7D738C}.Release|Any CPU.ActiveCfg = Release|Any CPU
		{67332DF2-4ACD-4CA3-B39B-86C93A7D738C}.Release|Any CPU.Build.0 = Release|Any CPU
		{99009ABF-B68D-4BF2-BE3E-79DD1466A459}.Debug|Any CPU.ActiveCfg = Debug|Any CPU
		{99009ABF-B68D-4BF2-BE3E-79DD1466A459}.Debug|Any CPU.Build.0 = Debug|Any CPU
		{99009ABF-B68D-4BF2-BE3E-79DD1466A459}.Release|Any CPU.ActiveCfg = Release|Any CPU
		{99009ABF-B68D-4BF2-BE3E-79DD1466A459}.Release|Any CPU.Build.0 = Release|Any CPU
		{A78952CF-EE60-4E18-B7F7-99D35E33EC0F}.Debug|Any CPU.ActiveCfg = Debug|Any CPU
		{A78952CF-EE60-4E18-B7F7-99D35E33EC0F}.Debug|Any CPU.Build.0 = Debug|Any CPU
		{A78952CF-EE60-4E18-B7F7-99D35E33EC0F}.Release|Any CPU.ActiveCfg = Release|Any CPU
		{A78952CF-EE60-4E18-B7F7-99D35E33EC0F}.Release|Any CPU.Build.0 = Release|Any CPU
		{7178D218-C55C-428D-8640-03D7CDED75CC}.Debug|Any CPU.ActiveCfg = Debug|Any CPU
		{7178D218-C55C-428D-8640-03D7CDED75CC}.Debug|Any CPU.Build.0 = Debug|Any CPU
		{7178D218-C55C-428D-8640-03D7CDED75CC}.Release|Any CPU.ActiveCfg = Release|Any CPU
		{7178D218-C55C-428D-8640-03D7CDED75CC}.Release|Any CPU.Build.0 = Release|Any CPU
	EndGlobalSection
	GlobalSection(SolutionProperties) = preSolution
		HideSolutionNode = FALSE
	EndGlobalSection
	GlobalSection(NestedProjects) = preSolution
		{3CF89D49-88AC-4DF7-9F19-0BAE61C77376} = {FD3C53D5-91DD-4584-A92D-F170D0A551EF}
		{99009ABF-B68D-4BF2-BE3E-79DD1466A459} = {FD3C53D5-91DD-4584-A92D-F170D0A551EF}
	EndGlobalSection
EndGlobal
